
Microsoft Visual Studio Solution File, Format Version 12.00
# Visual Studio Version 17
VisualStudioVersion = 17.4.33213.308
MinimumVisualStudioVersion = 10.0.40219.1
Project("{FAE04EC0-301F-11D3-BF4B-00C04F79EFBC}") = "SetServersideCookie", "SetServersideCookie\SetServersideCookie.csproj", "{BFE2789C-7B8E-4298-82AF-E8669C739B16}"
EndProject
Global
	GlobalSection(SolutionConfigurationPlatforms) = preSolution
		Debug|Any CPU = Debug|Any CPU
		Release|Any CPU = Release|Any CPU
	EndGlobalSection
	GlobalSection(ProjectConfigurationPlatforms) = postSolution
		{BFE2789C-7B8E-4298-82AF-E8669C739B16}.Debug|Any CPU.ActiveCfg = Debug|Any CPU
		{BFE2789C-7B8E-4298-82AF-E8669C739B16}.Debug|Any CPU.Build.0 = Debug|Any CPU
		{BFE2789C-7B8E-4298-82AF-E8669C739B16}.Release|Any CPU.ActiveCfg = Release|Any CPU
		{BFE2789C-7B8E-4298-82AF-E8669C739B16}.Release|Any CPU.Build.0 = Release|Any CPU
	EndGlobalSection
	GlobalSection(SolutionProperties) = preSolution
		HideSolutionNode = FALSE
	EndGlobalSection
	GlobalSection(ExtensibilityGlobals) = postSolution
		SolutionGuid = {44C68BDA-D43E-4359-8525-153687535A74}
	EndGlobalSection
EndGlobal
